
Microsoft Visual Studio Solution File, Format Version 12.00
# Visual Studio Version 17
VisualStudioVersion = 17.2.32526.322
MinimumVisualStudioVersion = 10.0.40219.1
Project("{FAE04EC0-301F-11D3-BF4B-00C04F79EFBC}") = "emlakkayıtprogramı", "emlakkayıtprogramı.csproj", "{0649B965-1305-42F0-84EE-6EC9298D30A4}"
EndProject
Global
	GlobalSection(SolutionConfigurationPlatforms) = preSolution
		Debug|Any CPU = Debug|Any CPU
		Release|Any CPU = Release|Any CPU
	EndGlobalSection
	GlobalSection(ProjectConfigurationPlatforms) = postSolution
		{0649B965-1305-42F0-84EE-6EC9298D30A4}.Debug|Any CPU.ActiveCfg = Debug|Any CPU
		{0649B965-1305-42F0-84EE-6EC9298D30A4}.Debug|Any CPU.Build.0 = Debug|Any CPU
		{0649B965-1305-42F0-84EE-6EC9298D30A4}.Release|Any CPU.ActiveCfg = Release|Any CPU
		{0649B965-1305-42F0-84EE-6EC9298D30A4}.Release|Any CPU.Build.0 = Release|Any CPU
	EndGlobalSection
	GlobalSection(SolutionProperties) = preSolution
		HideSolutionNode = FALSE
	EndGlobalSection
	GlobalSection(ExtensibilityGlobals) = postSolution
		SolutionGuid = {CB529C61-B0EC-4259-84EF-28D68A5E4188}
	EndGlobalSection
EndGlobal
